PODS:
  - MSAL (2.15.0):
    - MSAL/app-lib (= 2.15.0)
  - MSAL/app-lib (2.15.0)

DEPENDENCIES:
  - MSAL (from `https://github.com/AzureAD/microsoft-authentication-library-for-objc.git`, commit `345945ed9`)

EXTERNAL SOURCES:
  MSAL:
    :commit: 345945ed9
    :git: https://github.com/AzureAD/microsoft-authentication-library-for-objc.git
    :submodules: true

CHECKOUT OPTIONS:
  MSAL:
    :commit: 345945ed9
    :git: https://github.com/AzureAD/microsoft-authentication-library-for-objc.git
    :submodules: true

SPEC CHECKSUMS:
  MSAL: dc3431b88df557da342e1eb2bd6f05102bddf6ac

PODFILE CHECKSUM: 71f2ad3a4b98f370eecc738b25370bdad0fa3d77

COCOAPODS: 1.17.0
