PODS:
  - MSAL (2.15.0):
    - MSAL/app-lib (= 2.15.0)
  - MSAL/app-lib (2.15.0)

DEPENDENCIES:
  - MSAL (from `https://github.com/AzureAD/microsoft-authentication-library-for-objc.git`, branch `dev`)

EXTERNAL SOURCES:
  MSAL:
    :branch: dev
    :git: https://github.com/AzureAD/microsoft-authentication-library-for-objc.git
    :submodules: true

CHECKOUT OPTIONS:
  MSAL:
    :commit: 830120587c0c6791baa34f3116d7fdc5b33e5d6b
    :git: https://github.com/AzureAD/microsoft-authentication-library-for-objc.git
    :submodules: true

SPEC CHECKSUMS:
  MSAL: dc3431b88df557da342e1eb2bd6f05102bddf6ac

PODFILE CHECKSUM: de3a209e156784ae5f758cf74287bee4212fb2c3

COCOAPODS: 1.17.0
